// !$*UTF8*$!
{
	archiveVersion = 1;
	classes = {
	};
	objectVersion = 50;
	objects = {

/* Begin PBXBuildFile section */
		EA72DC9B20A56938001E3A9C /* SetGameViewController.swift in Sources */ = {isa = PBXBuildFile; fileRef = EA72DC9A20A56938001E3A9C /* SetGameViewController.swift */; };
		EAC2F05B20A6B80500630EF7 /* PauseMenuViewController.swift in Sources */ = {isa = PBXBuildFile; fileRef = EAC2F05A20A6B80500630EF7 /* PauseMenuViewController.swift */; };
		EAF8053720A2967600C4B2F4 /* AppDelegate.swift in Sources */ = {isa = PBXBuildFile; fileRef = EAF8053620A2967600C4B2F4 /* AppDelegate.swift */; };
		EAF8053C20A2967600C4B2F4 /* Main.storyboard in Resources */ = {isa = PBXBuildFile; fileRef = EAF8053A20A2967600C4B2F4 /* Main.storyboard */; };
		EAF8053E20A2967700C4B2F4 /* Assets.xcassets in Resources */ = {isa = PBXBuildFile; fileRef = EAF8053D20A2967700C4B2F4 /* Assets.xcassets */; };
		EAF8054120A2967700C4B2F4 /* LaunchScreen.storyboard in Resources */ = {isa = PBXBuildFile; fileRef = EAF8053F20A2967700C4B2F4 /* LaunchScreen.storyboard */; };
		EAF8054B20A29A4400C4B2F4 /* Project Instruction.pdf in Resources */ = {isa = PBXBuildFile; fileRef = EAF8054A20A29A4400C4B2F4 /* Project Instruction.pdf */; };
		EAF8054F20A2A2E700C4B2F4 /* SetCard.swift in Sources */ = {isa = PBXBuildFile; fileRef = EAF8054E20A2A2E700C4B2F4 /* SetCard.swift */; };
		EAF8055120A2A2F400C4B2F4 /* SetGame.swift in Sources */ = {isa = PBXBuildFile; fileRef = EAF8055020A2A2F400C4B2F4 /* SetGame.swift */; };
/* End PBXBuildFile section */

/* Begin PBXFileReference section */
		EA72DC9A20A56938001E3A9C /* SetGameViewController.swift */ = {isa = PBXFileReference; lastKnownFileType = sourcecode.swift; path = SetGameViewController.swift; sourceTree = "<group>"; };
		EAC2F05A20A6B80500630EF7 /* PauseMenuViewController.swift */ = {isa = PBXFileReference; lastKnownFileType = sourcecode.swift; path = PauseMenuViewController.swift; sourceTree = "<group>"; };
		EAF8053320A2967600C4B2F4 /* Set.app */ = {isa = PBXFileReference; explicitFileType = wrapper.application; includeInIndex = 0; path = Set.app; sourceTree = BUILT_PRODUCTS_DIR; };
		EAF8053620A2967600C4B2F4 /* AppDelegate.swift */ = {isa = PBXFileReference; lastKnownFileType = sourcecode.swift; path = AppDelegate.swift; sourceTree = "<group>"; };
		EAF8053B20A2967600C4B2F4 /* Base */ = {isa = PBXFileReference; lastKnownFileType = file.storyboard; name = Base; path = Base.lproj/Main.storyboard; sourceTree = "<group>"; };
		EAF8053D20A2967700C4B2F4 /* Assets.xcassets */ = {isa = PBXFileReference; lastKnownFileType = folder.assetcatalog; path = Assets.xcassets; sourceTree = "<group>"; };
		EAF8054020A2967700C4B2F4 /* Base */ = {isa = PBXFileReference; lastKnownFileType = file.storyboard; name = Base; path = Base.lproj/LaunchScreen.storyboard; sourceTree = "<group>"; };
		EAF8054220A2967700C4B2F4 /* Info.plist */ = {isa = PBXFileReference; lastKnownFileType = text.plist.xml; path = Info.plist; sourceTree = "<group>"; };
		EAF8054920A296AB00C4B2F4 /* README.md */ = {isa = PBXFileReference; lastKnownFileType = net.daringfireball.markdown; path = README.md; sourceTree = "<group>"; };
		EAF8054A20A29A4400C4B2F4 /* Project Instruction.pdf */ = {isa = PBXFileReference; lastKnownFileType = image.pdf; path = "Project Instruction.pdf"; sourceTree = "<group>"; };
		EAF8054E20A2A2E700C4B2F4 /* SetCard.swift */ = {isa = PBXFileReference; lastKnownFileType = sourcecode.swift; path = SetCard.swift; sourceTree = "<group>"; };
		EAF8055020A2A2F400C4B2F4 /* SetGame.swift */ = {isa = PBXFileReference; lastKnownFileType = sourcecode.swift; path = SetGame.swift; sourceTree = "<group>"; };
/* End PBXFileReference section */

/* Begin PBXFrameworksBuildPhase section */
		EAF8053020A2967600C4B2F4 /* Frameworks */ = {
			isa = PBXFrameworksBuildPhase;
			buildActionMask = 2147483647;
			files = (
			);
			runOnlyForDeploymentPostprocessing = 0;
		};
/* End PBXFrameworksBuildPhase section */

/* Begin PBXGroup section */
		EAF8052A20A2967600C4B2F4 = {
			isa = PBXGroup;
			children = (
				EAF8054920A296AB00C4B2F4 /* README.md */,
				EAF8053520A2967600C4B2F4 /* Set */,
				EAF8053420A2967600C4B2F4 /* Products */,
			);
			sourceTree = "<group>";
		};
		EAF8053420A2967600C4B2F4 /* Products */ = {
			isa = PBXGroup;
			children = (
				EAF8053320A2967600C4B2F4 /* Set.app */,
			);
			name = Products;
			sourceTree = "<group>";
		};
		EAF8053520A2967600C4B2F4 /* Set */ = {
			isa = PBXGroup;
			children = (
				EAF8053A20A2967600C4B2F4 /* Main.storyboard */,
				EA72DC9A20A56938001E3A9C /* SetGameViewController.swift */,
				EAC2F05A20A6B80500630EF7 /* PauseMenuViewController.swift */,
				EAF8054E20A2A2E700C4B2F4 /* SetCard.swift */,
				EAF8055020A2A2F400C4B2F4 /* SetGame.swift */,
				EAF8054820A2968100C4B2F4 /* Supporting Files */,
				EAF8054220A2967700C4B2F4 /* Info.plist */,
			);
			path = Set;
			sourceTree = "<group>";
		};
		EAF8054820A2968100C4B2F4 /* Supporting Files */ = {
			isa = PBXGroup;
			children = (
				EAF8053620A2967600C4B2F4 /* AppDelegate.swift */,
				EAF8053D20A2967700C4B2F4 /* Assets.xcassets */,
				EAF8054A20A29A4400C4B2F4 /* Project Instruction.pdf */,
				EAF8053F20A2967700C4B2F4 /* LaunchScreen.storyboard */,
			);
			path = "Supporting Files";
			sourceTree = "<group>";
		};
/* End PBXGroup section */

/* Begin PBXNativeTarget section */
		EAF8053220A2967600C4B2F4 /* Set */ = {
			isa = PBXNativeTarget;
			buildConfigurationList = EAF8054520A2967700C4B2F4 /* Build configuration list for PBXNativeTarget "Set" */;
			buildPhases = (
				EAF8052F20A2967600C4B2F4 /* Sources */,
				EAF8053020A2967600C4B2F4 /* Frameworks */,
				EAF8053120A2967600C4B2F4 /* Resources */,
			);
			buildRules = (
			);
			dependencies = (
			);
			name = Set;
			productName = Set;
			productReference = EAF8053320A2967600C4B2F4 /* Set.app */;
			productType = "com.apple.product-type.application";
		};
/* End PBXNativeTarget section */

/* Begin PBXProject section */
		EAF8052B20A2967600C4B2F4 /* Project object */ = {
			isa = PBXProject;
			attributes = {
				LastSwiftUpdateCheck = 0930;
				LastUpgradeCheck = 0930;
				ORGANIZATIONNAME = "Yifei Yin";
				TargetAttributes = {
					EAF8053220A2967600C4B2F4 = {
						CreatedOnToolsVersion = 9.3;
					};
				};
			};
			buildConfigurationList = EAF8052E20A2967600C4B2F4 /* Build configuration list for PBXProject "Set" */;
			compatibilityVersion = "Xcode 9.3";
			developmentRegion = en;
			hasScannedForEncodings = 0;
			knownRegions = (
				en,
				Base,
			);
			mainGroup = EAF8052A20A2967600C4B2F4;
			productRefGroup = EAF8053420A2967600C4B2F4 /* Products */;
			projectDirPath = "";
			projectRoot = "";
			targets = (
				EAF8053220A2967600C4B2F4 /* Set */,
			);
		};
/* End PBXProject section */

/* Begin PBXResourcesBuildPhase section */
		EAF8053120A2967600C4B2F4 /* Resources */ = {
			isa = PBXResourcesBuildPhase;
			buildActionMask = 2147483647;
			files = (
				EAF8054120A2967700C4B2F4 /* LaunchScreen.storyboard in Resources */,
				EAF8054B20A29A4400C4B2F4 /* Project Instruction.pdf in Resources */,
				EAF8053E20A2967700C4B2F4 /* Assets.xcassets in Resources */,
				EAF8053C20A2967600C4B2F4 /* Main.storyboard in Resources */,
			);
			runOnlyForDeploymentPostprocessing = 0;
		};
/* End PBXResourcesBuildPhase section */

/* Begin PBXSourcesBuildPhase section */
		EAF8052F20A2967600C4B2F4 /* Sources */ = {
			isa = PBXSourcesBuildPhase;
			buildActionMask = 2147483647;
			files = (
				EAC2F05B20A6B80500630EF7 /* PauseMenuViewController.swift in Sources */,
				EAF8054F20A2A2E700C4B2F4 /* SetCard.swift in Sources */,
				EAF8055120A2A2F400C4B2F4 /* SetGame.swift in Sources */,
				EAF8053720A2967600C4B2F4 /* AppDelegate.swift in Sources */,
				EA72DC9B20A56938001E3A9C /* SetGameViewController.swift in Sources */,
			);
			runOnlyForDeploymentPostprocessing = 0;
		};
/* End PBXSourcesBuildPhase section */

/* Begin PBXVariantGroup section */
		EAF8053A20A2967600C4B2F4 /* Main.storyboard */ = {
			isa = PBXVariantGroup;
			children = (
				EAF8053B20A2967600C4B2F4 /* Base */,
			);
			name = Main.storyboard;
			sourceTree = "<group>";
		};
		EAF8053F20A2967700C4B2F4 /* LaunchScreen.storyboard */ = {
			isa = PBXVariantGroup;
			children = (
				EAF8054020A2967700C4B2F4 /* Base */,
			);
			name = LaunchScreen.storyboard;
			sourceTree = "<group>";
		};
/* End PBXVariantGroup section */

/* Begin XCBuildConfiguration section */
		EAF8054320A2967700C4B2F4 /* Debug */ = {
			isa = XCBuildConfiguration;
			buildSettings = {
				ALWAYS_SEARCH_USER_PATHS = NO;
				CLANG_ANALYZER_NONNULL = YES;
				CLANG_ANALYZER_NUMBER_OBJECT_CONVERSION = YES_AGGRESSIVE;
				CLANG_CXX_LANGUAGE_STANDARD = "gnu++14";
				CLANG_CXX_LIBRARY = "libc++";
				CLANG_ENABLE_MODULES = YES;
				CLANG_ENABLE_OBJC_ARC = YES;
				CLANG_ENABLE_OBJC_WEAK = YES;
				CLANG_WARN_BLOCK_CAPTURE_AUTORELEASING = YES;
				CLANG_WARN_BOOL_CONVERSION = YES;
				CLANG_WARN_COMMA = YES;
				CLANG_WARN_CONSTANT_CONVERSION = YES;
				CLANG_WARN_DEPRECATED_OBJC_IMPLEMENTATIONS = YES;
				CLANG_WARN_DIRECT_OBJC_ISA_USAGE = YES_ERROR;
				CLANG_WARN_DOCUMENTATION_COMMENTS = YES;
				CLANG_WARN_EMPTY_BODY = YES;
				CLANG_WARN_ENUM_CONVERSION = YES;
				CLANG_WARN_INFINITE_RECURSION = YES;
				CLANG_WARN_INT_CONVERSION = YES;
				CLANG_WARN_NON_LITERAL_NULL_CONVERSION = YES;
				CLANG_WARN_OBJC_IMPLICIT_RETAIN_SELF = YES;
				CLANG_WARN_OBJC_LITERAL_CONVERSION = YES;
				CLANG_WARN_OBJC_ROOT_CLASS = YES_ERROR;
				CLANG_WARN_RANGE_LOOP_ANALYSIS = YES;
				CLANG_WARN_STRICT_PROTOTYPES = YES;
				CLANG_WARN_SUSPICIOUS_MOVE = YES;
				CLANG_WARN_UNGUARDED_AVAILABILITY = YES_AGGRESSIVE;
				CLANG_WARN_UNREACHABLE_CODE = YES;
				CLANG_WARN__DUPLICATE_METHOD_MATCH = YES;
				CODE_SIGN_IDENTITY = "iPhone Developer";
				COPY_PHASE_STRIP = NO;
				DEBUG_INFORMATION_FORMAT = dwarf;
				ENABLE_STRICT_OBJC_MSGSEND = YES;
				ENABLE_TESTABILITY = YES;
				GCC_C_LANGUAGE_STANDARD = gnu11;
				GCC_DYNAMIC_NO_PIC = NO;
				GCC_NO_COMMON_BLOCKS = YES;
				GCC_OPTIMIZATION_LEVEL = 0;
				GCC_PREPROCESSOR_DEFINITIONS = (
					"DEBUG=1",
					"$(inherited)",
				);
				GCC_WARN_64_TO_32_BIT_CONVERSION = YES;
				GCC_WARN_ABOUT_RETURN_TYPE = YES_ERROR;
				GCC_WARN_UNDECLARED_SELECTOR = YES;
				GCC_WARN_UNINITIALIZED_AUTOS = YES_AGGRESSIVE;
				GCC_WARN_UNUSED_FUNCTION = YES;
				GCC_WARN_UNUSED_VARIABLE = YES;
				IPHONEOS_DEPLOYMENT_TARGET = 11.3;
				MTL_ENABLE_DEBUG_INFO = YES;
				ONLY_ACTIVE_ARCH = YES;
				SDKROOT = iphoneos;
				SWIFT_ACTIVE_COMPILATION_CONDITIONS = DEBUG;
				SWIFT_OPTIMIZATION_LEVEL = "-Onone";
			};
			name = Debug;
		};
		EAF8054420A2967700C4B2F4 /* Release */ = {
			isa = XCBuildConfiguration;
			buildSettings = {
				ALWAYS_SEARCH_USER_PATHS = NO;
				CLANG_ANALYZER_NONNULL = YES;
				CLANG_ANALYZER_NUMBER_OBJECT_CONVERSION = YES_AGGRESSIVE;
				CLANG_CXX_LANGUAGE_STANDARD = "gnu++14";
				CLANG_CXX_LIBRARY = "libc++";
				CLANG_ENABLE_MODULES = YES;
				CLANG_ENABLE_OBJC_ARC = YES;
				CLANG_ENABLE_OBJC_WEAK = YES;
				CLANG_WARN_BLOCK_CAPTURE_AUTORELEASING = YES;
				CLANG_WARN_BOOL_CONVERSION = YES;
				CLANG_WARN_COMMA = YES;
				CLANG_WARN_CONSTANT_CONVERSION = YES;
				CLANG_WARN_DEPRECATED_OBJC_IMPLEMENTATIONS = YES;
				CLANG_WARN_DIRECT_OBJC_ISA_USAGE = YES_ERROR;
				CLANG_WARN_DOCUMENTATION_COMMENTS = YES;
				CLANG_WARN_EMPTY_BODY = YES;
				CLANG_WARN_ENUM_CONVERSION = YES;
				CLANG_WARN_INFINITE_RECURSION = YES;
				CLANG_WARN_INT_CONVERSION = YES;
				CLANG_WARN_NON_LITERAL_NULL_CONVERSION = YES;
				CLANG_WARN_OBJC_IMPLICIT_RETAIN_SELF = YES;
				CLANG_WARN_OBJC_LITERAL_CONVERSION = YES;
				CLANG_WARN_OBJC_ROOT_CLASS = YES_ERROR;
				CLANG_WARN_RANGE_LOOP_ANALYSIS = YES;
				CLANG_WARN_STRICT_PROTOTYPES = YES;
				CLANG_WARN_SUSPICIOUS_MOVE = YES;
				CLANG_WARN_UNGUARDED_AVAILABILITY = YES_AGGRESSIVE;
				CLANG_WARN_UNREACHABLE_CODE = YES;
				CLANG_WARN__DUPLICATE_METHOD_MATCH = YES;
				CODE_SIGN_IDENTITY = "iPhone Developer";
				COPY_PHASE_STRIP = NO;
				DEBUG_INFORMATION_FORMAT = "dwarf-with-dsym";
				ENABLE_NS_ASSERTIONS = NO;
				ENABLE_STRICT_OBJC_MSGSEND = YES;
				GCC_C_LANGUAGE_STANDARD = gnu11;
				GCC_NO_COMMON_BLOCKS = YES;
				GCC_WARN_64_TO_32_BIT_CONVERSION = YES;
				GCC_WARN_ABOUT_RETURN_TYPE = YES_ERROR;
				GCC_WARN_UNDECLARED_SELECTOR = YES;
				GCC_WARN_UNINITIALIZED_AUTOS = YES_AGGRESSIVE;
				GCC_WARN_UNUSED_FUNCTION = YES;
				GCC_WARN_UNUSED_VARIABLE = YES;
				IPHONEOS_DEPLOYMENT_TARGET = 11.3;
				MTL_ENABLE_DEBUG_INFO = NO;
				SDKROOT = iphoneos;
				SWIFT_COMPILATION_MODE = wholemodule;
				SWIFT_OPTIMIZATION_LEVEL = "-O";
				VALIDATE_PRODUCT = YES;
			};
			name = Release;
		};
		EAF8054620A2967700C4B2F4 /* Debug */ = {
			isa = XCBuildConfiguration;
			buildSettings = {
				ASSETCATALOG_COMPILER_APPICON_NAME = AppIcon;
				CODE_SIGN_STYLE = Automatic;
				DEVELOPMENT_TEAM = KY5V2M48F8;
				INFOPLIST_FILE = Set/Info.plist;
				LD_RUNPATH_SEARCH_PATHS = (
					"$(inherited)",
					"@executable_path/Frameworks",
				);
				PRODUCT_BUNDLE_IDENTIFIER = com.yifeiyin.cs193p.Set;
				PRODUCT_NAME = "$(TARGET_NAME)";
				SWIFT_VERSION = 4.0;
				TARGETED_DEVICE_FAMILY = "1,2";
			};
			name = Debug;
		};
		EAF8054720A2967700C4B2F4 /* Release */ = {
			isa = XCBuildConfiguration;
			buildSettings = {
				ASSETCATALOG_COMPILER_APPICON_NAME = AppIcon;
				CODE_SIGN_STYLE = Automatic;
				DEVELOPMENT_TEAM = KY5V2M48F8;
				INFOPLIST_FILE = Set/Info.plist;
				LD_RUNPATH_SEARCH_PATHS = (
					"$(inherited)",
					"@executable_path/Frameworks",
				);
				PRODUCT_BUNDLE_IDENTIFIER = com.yifeiyin.cs193p.Set;
				PRODUCT_NAME = "$(TARGET_NAME)";
				SWIFT_VERSION = 4.0;
				TARGETED_DEVICE_FAMILY = "1,2";
			};
			name = Release;
		};
/* End XCBuildConfiguration section */

/* Begin XCConfigurationList section */
		EAF8052E20A2967600C4B2F4 /* Build configuration list for PBXProject "Set" */ = {
			isa = XCConfigurationList;
			buildConfigurations = (
				EAF8054320A2967700C4B2F4 /* Debug */,
				EAF8054420A2967700C4B2F4 /* Release */,
			);
			defaultConfigurationIsVisible = 0;
			defaultConfigurationName = Release;
		};
		EAF8054520A2967700C4B2F4 /* Build configuration list for PBXNativeTarget "Set" */ = {
			isa = XCConfigurationList;
			buildConfigurations = (
				EAF8054620A2967700C4B2F4 /* Debug */,
				EAF8054720A2967700C4B2F4 /* Release */,
			);
			defaultConfigurationIsVisible = 0;
			defaultConfigurationName = Release;
		};
/* End XCConfigurationList section */
	};
	rootObject = EAF8052B20A2967600C4B2F4 /* Project object */;
}
